// !$*UTF8*$!
{
	archiveVersion = 1;
	classes = {
	};
	objectVersion = 50;
	objects = {

/* Begin PBXBuildFile section */
		96343988229664D4000CEA6E /* AppDelegate.swift in Sources */ = {isa = PBXBuildFile; fileRef = 96343987229664D4000CEA6E /* AppDelegate.swift */; };
		9634398D229664D4000CEA6E /* Main.storyboard in Resources */ = {isa = PBXBuildFile; fileRef = 9634398B229664D4000CEA6E /* Main.storyboard */; };
		96343990229664D4000CEA6E /* GroupMaker.xcdatamodeld in Sources */ = {isa = PBXBuildFile; fileRef = 9634398E229664D4000CEA6E /* GroupMaker.xcdatamodeld */; };
		96343992229664D5000CEA6E /* Assets.xcassets in Resources */ = {isa = PBXBuildFile; fileRef = 96343991229664D5000CEA6E /* Assets.xcassets */; };
		963439A0229664D5000CEA6E /* GroupMakerTests.swift in Sources */ = {isa = PBXBuildFile; fileRef = 9634399F229664D5000CEA6E /* GroupMakerTests.swift */; };
		963439AB229664D5000CEA6E /* GroupMakerUITests.swift in Sources */ = {isa = PBXBuildFile; fileRef = 963439AA229664D5000CEA6E /* GroupMakerUITests.swift */; };
		F261EC7E229C01DD00C483D1 /* MainViewController.swift in Sources */ = {isa = PBXBuildFile; fileRef = F261EC7D229C01DD00C483D1 /* MainViewController.swift */; };
		F261EC80229C031700C483D1 /* GroupViewController.swift in Sources */ = {isa = PBXBuildFile; fileRef = F261EC7F229C031700C483D1 /* GroupViewController.swift */; };
		F261EC82229C037100C483D1 /* MyProfileViewController.swift in Sources */ = {isa = PBXBuildFile; fileRef = F261EC81229C037100C483D1 /* MyProfileViewController.swift */; };
		F261EC84229C037F00C483D1 /* ProfileViewController.swift in Sources */ = {isa = PBXBuildFile; fileRef = F261EC83229C037F00C483D1 /* ProfileViewController.swift */; };
		F261EC86229C040B00C483D1 /* PeopleViewController.swift in Sources */ = {isa = PBXBuildFile; fileRef = F261EC85229C040B00C483D1 /* PeopleViewController.swift */; };
		F261EC88229D36BD00C483D1 /* Student.swift in Sources */ = {isa = PBXBuildFile; fileRef = F261EC87229D36BD00C483D1 /* Student.swift */; };
		F261EC8A229D36D500C483D1 /* Group.swift in Sources */ = {isa = PBXBuildFile; fileRef = F261EC89229D36D500C483D1 /* Group.swift */; };
		F261EC8C229D37C200C483D1 /* Assignment.swift in Sources */ = {isa = PBXBuildFile; fileRef = F261EC8B229D37C200C483D1 /* Assignment.swift */; };
/* End PBXBuildFile section */

/* Begin PBXContainerItemProxy section */
		9634399C229664D5000CEA6E /* PBXContainerItemProxy */ = {
			isa = PBXContainerItemProxy;
			containerPortal = 9634397C229664D4000CEA6E /* Project object */;
			proxyType = 1;
			remoteGlobalIDString = 96343983229664D4000CEA6E;
			remoteInfo = GroupMaker;
		};
		963439A7229664D5000CEA6E /* PBXContainerItemProxy */ = {
			isa = PBXContainerItemProxy;
			containerPortal = 9634397C229664D4000CEA6E /* Project object */;
			proxyType = 1;
			remoteGlobalIDString = 96343983229664D4000CEA6E;
			remoteInfo = GroupMaker;
		};
/* End PBXContainerItemProxy section */

/* Begin PBXFileReference section */
		96343984229664D4000CEA6E /* GroupMaker.app */ = {isa = PBXFileReference; explicitFileType = wrapper.application; includeInIndex = 0; path = GroupMaker.app; sourceTree = BUILT_PRODUCTS_DIR; };
		96343987229664D4000CEA6E /* AppDelegate.swift */ = {isa = PBXFileReference; lastKnownFileType = sourcecode.swift; path = AppDelegate.swift; sourceTree = "<group>"; };
		9634398C229664D4000CEA6E /* Base */ = {isa = PBXFileReference; lastKnownFileType = file.storyboard; name = Base; path = Base.lproj/Main.storyboard; sourceTree = "<group>"; };
		9634398F229664D4000CEA6E /* GroupMaker.xcdatamodel */ = {isa = PBXFileReference; lastKnownFileType = wrapper.xcdatamodel; path = GroupMaker.xcdatamodel; sourceTree = "<group>"; };
		96343991229664D5000CEA6E /* Assets.xcassets */ = {isa = PBXFileReference; lastKnownFileType = folder.assetcatalog; path = Assets.xcassets; sourceTree = "<group>"; };
		96343996229664D5000CEA6E /* Info.plist */ = {isa = PBXFileReference; lastKnownFileType = text.plist.xml; path = Info.plist; sourceTree = "<group>"; };
		9634399B229664D5000CEA6E /* GroupMakerTests.xctest */ = {isa = PBXFileReference; explicitFileType = wrapper.cfbundle; includeInIndex = 0; path = GroupMakerTests.xctest; sourceTree = BUILT_PRODUCTS_DIR; };
		9634399F229664D5000CEA6E /* GroupMakerTests.swift */ = {isa = PBXFileReference; lastKnownFileType = sourcecode.swift; path = GroupMakerTests.swift; sourceTree = "<group>"; };
		963439A1229664D5000CEA6E /* Info.plist */ = {isa = PBXFileReference; lastKnownFileType = text.plist.xml; path = Info.plist; sourceTree = "<group>"; };
		963439A6229664D5000CEA6E /* GroupMakerUITests.xctest */ = {isa = PBXFileReference; explicitFileType = wrapper.cfbundle; includeInIndex = 0; path = GroupMakerUITests.xctest; sourceTree = BUILT_PRODUCTS_DIR; };
		963439AA229664D5000CEA6E /* GroupMakerUITests.swift */ = {isa = PBXFileReference; lastKnownFileType = sourcecode.swift; path = GroupMakerUITests.swift; sourceTree = "<group>"; };
		963439AC229664D5000CEA6E /* Info.plist */ = {isa = PBXFileReference; lastKnownFileType = text.plist.xml; path = Info.plist; sourceTree = "<group>"; };
		F261EC7D229C01DD00C483D1 /* MainViewController.swift */ = {isa = PBXFileReference; lastKnownFileType = sourcecode.swift; path = MainViewController.swift; sourceTree = "<group>"; };
		F261EC7F229C031700C483D1 /* GroupViewController.swift */ = {isa = PBXFileReference; lastKnownFileType = sourcecode.swift; path = GroupViewController.swift; sourceTree = "<group>"; };
		F261EC81229C037100C483D1 /* MyProfileViewController.swift */ = {isa = PBXFileReference; lastKnownFileType = sourcecode.swift; path = MyProfileViewController.swift; sourceTree = "<group>"; };
		F261EC83229C037F00C483D1 /* ProfileViewController.swift */ = {isa = PBXFileReference; lastKnownFileType = sourcecode.swift; path = ProfileViewController.swift; sourceTree = "<group>"; };
		F261EC85229C040B00C483D1 /* PeopleViewController.swift */ = {isa = PBXFileReference; lastKnownFileType = sourcecode.swift; path = PeopleViewController.swift; sourceTree = "<group>"; };
		F261EC87229D36BD00C483D1 /* Student.swift */ = {isa = PBXFileReference; lastKnownFileType = sourcecode.swift; path = Student.swift; sourceTree = "<group>"; };
		F261EC89229D36D500C483D1 /* Group.swift */ = {isa = PBXFileReference; lastKnownFileType = sourcecode.swift; path = Group.swift; sourceTree = "<group>"; };
		F261EC8B229D37C200C483D1 /* Assignment.swift */ = {isa = PBXFileReference; lastKnownFileType = sourcecode.swift; path = Assignment.swift; sourceTree = "<group>"; };
/* End PBXFileReference section */

/* Begin PBXFrameworksBuildPhase section */
		96343981229664D4000CEA6E /* Frameworks */ = {
			isa = PBXFrameworksBuildPhase;
			buildActionMask = 2147483647;
			files = (
			);
			runOnlyForDeploymentPostprocessing = 0;
		};
		96343998229664D5000CEA6E /* Frameworks */ = {
			isa = PBXFrameworksBuildPhase;
			buildActionMask = 2147483647;
			files = (
			);
			runOnlyForDeploymentPostprocessing = 0;
		};
		963439A3229664D5000CEA6E /* Frameworks */ = {
			isa = PBXFrameworksBuildPhase;
			buildActionMask = 2147483647;
			files = (
			);
			runOnlyForDeploymentPostprocessing = 0;
		};
/* End PBXFrameworksBuildPhase section */

/* Begin PBXGroup section */
		9634397B229664D4000CEA6E = {
			isa = PBXGroup;
			children = (
				96343986229664D4000CEA6E /* GroupMaker */,
				9634399E229664D5000CEA6E /* GroupMakerTests */,
				963439A9229664D5000CEA6E /* GroupMakerUITests */,
				96343985229664D4000CEA6E /* Products */,
			);
			sourceTree = "<group>";
		};
		96343985229664D4000CEA6E /* Products */ = {
			isa = PBXGroup;
			children = (
				96343984229664D4000CEA6E /* GroupMaker.app */,
				9634399B229664D5000CEA6E /* GroupMakerTests.xctest */,
				963439A6229664D5000CEA6E /* GroupMakerUITests.xctest */,
			);
			name = Products;
			sourceTree = "<group>";
		};
		96343986229664D4000CEA6E /* GroupMaker */ = {
			isa = PBXGroup;
			children = (
				96343996229664D5000CEA6E /* Info.plist */,
				FF4EAE552296716300C40B47 /* Settings */,
				FF4EAE54229670EA00C40B47 /* Controller */,
				FF4EAE52229670DE00C40B47 /* View */,
				FF4EAE51229670BC00C40B47 /* Model */,
			);
			path = GroupMaker;
			sourceTree = "<group>";
		};
		9634399E229664D5000CEA6E /* GroupMakerTests */ = {
			isa = PBXGroup;
			children = (
				9634399F229664D5000CEA6E /* GroupMakerTests.swift */,
				963439A1229664D5000CEA6E /* Info.plist */,
			);
			path = GroupMakerTests;
			sourceTree = "<group>";
		};
		963439A9229664D5000CEA6E /* GroupMakerUITests */ = {
			isa = PBXGroup;
			children = (
				963439AA229664D5000CEA6E /* GroupMakerUITests.swift */,
				963439AC229664D5000CEA6E /* Info.plist */,
			);
			path = GroupMakerUITests;
			sourceTree = "<group>";
		};
		FF4EAE51229670BC00C40B47 /* Model */ = {
			isa = PBXGroup;
			children = (
				96343991229664D5000CEA6E /* Assets.xcassets */,
				F261EC87229D36BD00C483D1 /* Student.swift */,
				F261EC89229D36D500C483D1 /* Group.swift */,
				F261EC8B229D37C200C483D1 /* Assignment.swift */,
			);
			path = Model;
			sourceTree = "<group>";
		};
		FF4EAE52229670DE00C40B47 /* View */ = {
			isa = PBXGroup;
			children = (
				9634398B229664D4000CEA6E /* Main.storyboard */,
			);
			path = View;
			sourceTree = "<group>";
		};
		FF4EAE54229670EA00C40B47 /* Controller */ = {
			isa = PBXGroup;
			children = (
				F261EC7D229C01DD00C483D1 /* MainViewController.swift */,
				F261EC7F229C031700C483D1 /* GroupViewController.swift */,
				F261EC81229C037100C483D1 /* MyProfileViewController.swift */,
				F261EC83229C037F00C483D1 /* ProfileViewController.swift */,
				F261EC85229C040B00C483D1 /* PeopleViewController.swift */,
			);
			path = Controller;
			sourceTree = "<group>";
		};
		FF4EAE552296716300C40B47 /* Settings */ = {
			isa = PBXGroup;
			children = (
				9634398E229664D4000CEA6E /* GroupMaker.xcdatamodeld */,
				96343987229664D4000CEA6E /* AppDelegate.swift */,
			);
			path = Settings;
			sourceTree = "<group>";
		};
/* End PBXGroup section */

/* Begin PBXNativeTarget section */
		96343983229664D4000CEA6E /* GroupMaker */ = {
			isa = PBXNativeTarget;
			buildConfigurationList = 963439AF229664D5000CEA6E /* Build configuration list for PBXNativeTarget "GroupMaker" */;
			buildPhases = (
				96343980229664D4000CEA6E /* Sources */,
				96343981229664D4000CEA6E /* Frameworks */,
				96343982229664D4000CEA6E /* Resources */,
			);
			buildRules = (
			);
			dependencies = (
			);
			name = GroupMaker;
			productName = GroupMaker;
			productReference = 96343984229664D4000CEA6E /* GroupMaker.app */;
			productType = "com.apple.product-type.application";
		};
		9634399A229664D5000CEA6E /* GroupMakerTests */ = {
			isa = PBXNativeTarget;
			buildConfigurationList = 963439B2229664D5000CEA6E /* Build configuration list for PBXNativeTarget "GroupMakerTests" */;
			buildPhases = (
				96343997229664D5000CEA6E /* Sources */,
				96343998229664D5000CEA6E /* Frameworks */,
				96343999229664D5000CEA6E /* Resources */,
			);
			buildRules = (
			);
			dependencies = (
				9634399D229664D5000CEA6E /* PBXTargetDependency */,
			);
			name = GroupMakerTests;
			productName = GroupMakerTests;
			productReference = 9634399B229664D5000CEA6E /* GroupMakerTests.xctest */;
			productType = "com.apple.product-type.bundle.unit-test";
		};
		963439A5229664D5000CEA6E /* GroupMakerUITests */ = {
			isa = PBXNativeTarget;
			buildConfigurationList = 963439B5229664D5000CEA6E /* Build configuration list for PBXNativeTarget "GroupMakerUITests" */;
			buildPhases = (
				963439A2229664D5000CEA6E /* Sources */,
				963439A3229664D5000CEA6E /* Frameworks */,
				963439A4229664D5000CEA6E /* Resources */,
			);
			buildRules = (
			);
			dependencies = (
				963439A8229664D5000CEA6E /* PBXTargetDependency */,
			);
			name = GroupMakerUITests;
			productName = GroupMakerUITests;
			productReference = 963439A6229664D5000CEA6E /* GroupMakerUITests.xctest */;
			productType = "com.apple.product-type.bundle.ui-testing";
		};
/* End PBXNativeTarget section */

/* Begin PBXProject section */
		9634397C229664D4000CEA6E /* Project object */ = {
			isa = PBXProject;
			attributes = {
				LastSwiftUpdateCheck = 1010;
				LastUpgradeCheck = 1010;
				ORGANIZATIONNAME = "Group 132";
				TargetAttributes = {
					96343983229664D4000CEA6E = {
						CreatedOnToolsVersion = 10.1;
					};
					9634399A229664D5000CEA6E = {
						CreatedOnToolsVersion = 10.1;
						TestTargetID = 96343983229664D4000CEA6E;
					};
					963439A5229664D5000CEA6E = {
						CreatedOnToolsVersion = 10.1;
						TestTargetID = 96343983229664D4000CEA6E;
					};
				};
			};
			buildConfigurationList = 9634397F229664D4000CEA6E /* Build configuration list for PBXProject "GroupMaker" */;
			compatibilityVersion = "Xcode 9.3";
			developmentRegion = en;
			hasScannedForEncodings = 0;
			knownRegions = (
				en,
				Base,
			);
			mainGroup = 9634397B229664D4000CEA6E;
			productRefGroup = 96343985229664D4000CEA6E /* Products */;
			projectDirPath = "";
			projectRoot = "";
			targets = (
				96343983229664D4000CEA6E /* GroupMaker */,
				9634399A229664D5000CEA6E /* GroupMakerTests */,
				963439A5229664D5000CEA6E /* GroupMakerUITests */,
			);
		};
/* End PBXProject section */

/* Begin PBXResourcesBuildPhase section */
		96343982229664D4000CEA6E /* Resources */ = {
			isa = PBXResourcesBuildPhase;
			buildActionMask = 2147483647;
			files = (
				96343992229664D5000CEA6E /* Assets.xcassets in Resources */,
				9634398D229664D4000CEA6E /* Main.storyboard in Resources */,
			);
			runOnlyForDeploymentPostprocessing = 0;
		};
		96343999229664D5000CEA6E /* Resources */ = {
			isa = PBXResourcesBuildPhase;
			buildActionMask = 2147483647;
			files = (
			);
			runOnlyForDeploymentPostprocessing = 0;
		};
		963439A4229664D5000CEA6E /* Resources */ = {
			isa = PBXResourcesBuildPhase;
			buildActionMask = 2147483647;
			files = (
			);
			runOnlyForDeploymentPostprocessing = 0;
		};
/* End PBXResourcesBuildPhase section */

/* Begin PBXSourcesBuildPhase section */
		96343980229664D4000CEA6E /* Sources */ = {
			isa = PBXSourcesBuildPhase;
			buildActionMask = 2147483647;
			files = (
				F261EC8A229D36D500C483D1 /* Group.swift in Sources */,
				F261EC84229C037F00C483D1 /* ProfileViewController.swift in Sources */,
				F261EC86229C040B00C483D1 /* PeopleViewController.swift in Sources */,
				F261EC82229C037100C483D1 /* MyProfileViewController.swift in Sources */,
				F261EC80229C031700C483D1 /* GroupViewController.swift in Sources */,
				F261EC7E229C01DD00C483D1 /* MainViewController.swift in Sources */,
				96343990229664D4000CEA6E /* GroupMaker.xcdatamodeld in Sources */,
				96343988229664D4000CEA6E /* AppDelegate.swift in Sources */,
				F261EC8C229D37C200C483D1 /* Assignment.swift in Sources */,
				F261EC88229D36BD00C483D1 /* Student.swift in Sources */,
			);
			runOnlyForDeploymentPostprocessing = 0;
		};
		96343997229664D5000CEA6E /* Sources */ = {
			isa = PBXSourcesBuildPhase;
			buildActionMask = 2147483647;
			files = (
				963439A0229664D5000CEA6E /* GroupMakerTests.swift in Sources */,
			);
			runOnlyForDeploymentPostprocessing = 0;
		};
		963439A2229664D5000CEA6E /* Sources */ = {
			isa = PBXSourcesBuildPhase;
			buildActionMask = 2147483647;
			files = (
				963439AB229664D5000CEA6E /* GroupMakerUITests.swift in Sources */,
			);
			runOnlyForDeploymentPostprocessing = 0;
		};
/* End PBXSourcesBuildPhase section */

/* Begin PBXTargetDependency section */
		9634399D229664D5000CEA6E /* PBXTargetDependency */ = {
			isa = PBXTargetDependency;
			target = 96343983229664D4000CEA6E /* GroupMaker */;
			targetProxy = 9634399C229664D5000CEA6E /* PBXContainerItemProxy */;
		};
		963439A8229664D5000CEA6E /* PBXTargetDependency */ = {
			isa = PBXTargetDependency;
			target = 96343983229664D4000CEA6E /* GroupMaker */;
			targetProxy = 963439A7229664D5000CEA6E /* PBXContainerItemProxy */;
		};
/* End PBXTargetDependency section */

/* Begin PBXVariantGroup section */
		9634398B229664D4000CEA6E /* Main.storyboard */ = {
			isa = PBXVariantGroup;
			children = (
				9634398C229664D4000CEA6E /* Base */,
			);
			name = Main.storyboard;
			sourceTree = "<group>";
		};
/* End PBXVariantGroup section */

/* Begin XCBuildConfiguration section */
		963439AD229664D5000CEA6E /* Debug */ = {
			isa = XCBuildConfiguration;
			buildSettings = {
				ALWAYS_SEARCH_USER_PATHS = NO;
				CLANG_ANALYZER_NONNULL = YES;
				CLANG_ANALYZER_NUMBER_OBJECT_CONVERSION = YES_AGGRESSIVE;
				CLANG_CXX_LANGUAGE_STANDARD = "gnu++14";
				CLANG_CXX_LIBRARY = "libc++";
				CLANG_ENABLE_MODULES = YES;
				CLANG_ENABLE_OBJC_ARC = YES;
				CLANG_ENABLE_OBJC_WEAK = YES;
				CLANG_WARN_BLOCK_CAPTURE_AUTORELEASING = YES;
				CLANG_WARN_BOOL_CONVERSION = YES;
				CLANG_WARN_COMMA = YES;
				CLANG_WARN_CONSTANT_CONVERSION = YES;
				CLANG_WARN_DEPRECATED_OBJC_IMPLEMENTATIONS = YES;
				CLANG_WARN_DIRECT_OBJC_ISA_USAGE = YES_ERROR;
				CLANG_WARN_DOCUMENTATION_COMMENTS = YES;
				CLANG_WARN_EMPTY_BODY = YES;
				CLANG_WARN_ENUM_CONVERSION = YES;
				CLANG_WARN_INFINITE_RECURSION = YES;
				CLANG_WARN_INT_CONVERSION = YES;
				CLANG_WARN_NON_LITERAL_NULL_CONVERSION = YES;
				CLANG_WARN_OBJC_IMPLICIT_RETAIN_SELF = YES;
				CLANG_WARN_OBJC_LITERAL_CONVERSION = YES;
				CLANG_WARN_OBJC_ROOT_CLASS = YES_ERROR;
				CLANG_WARN_RANGE_LOOP_ANALYSIS = YES;
				CLANG_WARN_STRICT_PROTOTYPES = YES;
				CLANG_WARN_SUSPICIOUS_MOVE = YES;
				CLANG_WARN_UNGUARDED_AVAILABILITY = YES_AGGRESSIVE;
				CLANG_WARN_UNREACHABLE_CODE = YES;
				CLANG_WARN__DUPLICATE_METHOD_MATCH = YES;
				CODE_SIGN_IDENTITY = "iPhone Developer";
				COPY_PHASE_STRIP = NO;
				DEBUG_INFORMATION_FORMAT = dwarf;
				ENABLE_STRICT_OBJC_MSGSEND = YES;
				ENABLE_TESTABILITY = YES;
				GCC_C_LANGUAGE_STANDARD = gnu11;
				GCC_DYNAMIC_NO_PIC = NO;
				GCC_NO_COMMON_BLOCKS = YES;
				GCC_OPTIMIZATION_LEVEL = 0;
				GCC_PREPROCESSOR_DEFINITIONS = (
					"DEBUG=1",
					"$(inherited)",
				);
				GCC_WARN_64_TO_32_BIT_CONVERSION = YES;
				GCC_WARN_ABOUT_RETURN_TYPE = YES_ERROR;
				GCC_WARN_UNDECLARED_SELECTOR = YES;
				GCC_WARN_UNINITIALIZED_AUTOS = YES_AGGRESSIVE;
				GCC_WARN_UNUSED_FUNCTION = YES;
				GCC_WARN_UNUSED_VARIABLE = YES;
				IPHONEOS_DEPLOYMENT_TARGET = 12.1;
				MTL_ENABLE_DEBUG_INFO = INCLUDE_SOURCE;
				MTL_FAST_MATH = YES;
				ONLY_ACTIVE_ARCH = YES;
				SDKROOT = iphoneos;
				SWIFT_ACTIVE_COMPILATION_CONDITIONS = DEBUG;
				SWIFT_OPTIMIZATION_LEVEL = "-Onone";
			};
			name = Debug;
		};
		963439AE229664D5000CEA6E /* Release */ = {
			isa = XCBuildConfiguration;
			buildSettings = {
				ALWAYS_SEARCH_USER_PATHS = NO;
				CLANG_ANALYZER_NONNULL = YES;
				CLANG_ANALYZER_NUMBER_OBJECT_CONVERSION = YES_AGGRESSIVE;
				CLANG_CXX_LANGUAGE_STANDARD = "gnu++14";
				CLANG_CXX_LIBRARY = "libc++";
				CLANG_ENABLE_MODULES = YES;
				CLANG_ENABLE_OBJC_ARC = YES;
				CLANG_ENABLE_OBJC_WEAK = YES;
				CLANG_WARN_BLOCK_CAPTURE_AUTORELEASING = YES;
				CLANG_WARN_BOOL_CONVERSION = YES;
				CLANG_WARN_COMMA = YES;
				CLANG_WARN_CONSTANT_CONVERSION = YES;
				CLANG_WARN_DEPRECATED_OBJC_IMPLEMENTATIONS = YES;
				CLANG_WARN_DIRECT_OBJC_ISA_USAGE = YES_ERROR;
				CLANG_WARN_DOCUMENTATION_COMMENTS = YES;
				CLANG_WARN_EMPTY_BODY = YES;
				CLANG_WARN_ENUM_CONVERSION = YES;
				CLANG_WARN_INFINITE_RECURSION = YES;
				CLANG_WARN_INT_CONVERSION = YES;
				CLANG_WARN_NON_LITERAL_NULL_CONVERSION = YES;
				CLANG_WARN_OBJC_IMPLICIT_RETAIN_SELF = YES;
				CLANG_WARN_OBJC_LITERAL_CONVERSION = YES;
				CLANG_WARN_OBJC_ROOT_CLASS = YES_ERROR;
				CLANG_WARN_RANGE_LOOP_ANALYSIS = YES;
				CLANG_WARN_STRICT_PROTOTYPES = YES;
				CLANG_WARN_SUSPICIOUS_MOVE = YES;
				CLANG_WARN_UNGUARDED_AVAILABILITY = YES_AGGRESSIVE;
				CLANG_WARN_UNREACHABLE_CODE = YES;
				CLANG_WARN__DUPLICATE_METHOD_MATCH = YES;
				CODE_SIGN_IDENTITY = "iPhone Developer";
				COPY_PHASE_STRIP = NO;
				DEBUG_INFORMATION_FORMAT = "dwarf-with-dsym";
				ENABLE_NS_ASSERTIONS = NO;
				ENABLE_STRICT_OBJC_MSGSEND = YES;
				GCC_C_LANGUAGE_STANDARD = gnu11;
				GCC_NO_COMMON_BLOCKS = YES;
				GCC_WARN_64_TO_32_BIT_CONVERSION = YES;
				GCC_WARN_ABOUT_RETURN_TYPE = YES_ERROR;
				GCC_WARN_UNDECLARED_SELECTOR = YES;
				GCC_WARN_UNINITIALIZED_AUTOS = YES_AGGRESSIVE;
				GCC_WARN_UNUSED_FUNCTION = YES;
				GCC_WARN_UNUSED_VARIABLE = YES;
				IPHONEOS_DEPLOYMENT_TARGET = 12.1;
				MTL_ENABLE_DEBUG_INFO = NO;
				MTL_FAST_MATH = YES;
				SDKROOT = iphoneos;
				SWIFT_COMPILATION_MODE = wholemodule;
				SWIFT_OPTIMIZATION_LEVEL = "-O";
				VALIDATE_PRODUCT = YES;
			};
			name = Release;
		};
		963439B0229664D5000CEA6E /* Debug */ = {
			isa = XCBuildConfiguration;
			buildSettings = {
				ASSETCATALOG_COMPILER_APPICON_NAME = AppIcon;
				CODE_SIGN_STYLE = Automatic;
				INFOPLIST_FILE = GroupMaker/Info.plist;
				LD_RUNPATH_SEARCH_PATHS = (
					"$(inherited)",
					"@executable_path/Frameworks",
				);
				PRODUCT_BUNDLE_IDENTIFIER = UTS.GroupMaker;
				PRODUCT_NAME = "$(TARGET_NAME)";
				SWIFT_VERSION = 4.2;
				TARGETED_DEVICE_FAMILY = "1,2";
			};
			name = Debug;
		};
		963439B1229664D5000CEA6E /* Release */ = {
			isa = XCBuildConfiguration;
			buildSettings = {
				ASSETCATALOG_COMPILER_APPICON_NAME = AppIcon;
				CODE_SIGN_STYLE = Automatic;
				INFOPLIST_FILE = GroupMaker/Info.plist;
				LD_RUNPATH_SEARCH_PATHS = (
					"$(inherited)",
					"@executable_path/Frameworks",
				);
				PRODUCT_BUNDLE_IDENTIFIER = UTS.GroupMaker;
				PRODUCT_NAME = "$(TARGET_NAME)";
				SWIFT_VERSION = 4.2;
				TARGETED_DEVICE_FAMILY = "1,2";
			};
			name = Release;
		};
		963439B3229664D5000CEA6E /* Debug */ = {
			isa = XCBuildConfiguration;
			buildSettings = {
				ALWAYS_EMBED_SWIFT_STANDARD_LIBRARIES = YES;
				BUNDLE_LOADER = "$(TEST_HOST)";
				CODE_SIGN_STYLE = Automatic;
				INFOPLIST_FILE = GroupMakerTests/Info.plist;
				LD_RUNPATH_SEARCH_PATHS = (
					"$(inherited)",
					"@executable_path/Frameworks",
					"@loader_path/Frameworks",
				);
				PRODUCT_BUNDLE_IDENTIFIER = UTS.GroupMakerTests;
				PRODUCT_NAME = "$(TARGET_NAME)";
				SWIFT_VERSION = 4.2;
				TARGETED_DEVICE_FAMILY = "1,2";
				TEST_HOST = "$(BUILT_PRODUCTS_DIR)/GroupMaker.app/GroupMaker";
			};
			name = Debug;
		};
		963439B4229664D5000CEA6E /* Release */ = {
			isa = XCBuildConfiguration;
			buildSettings = {
				ALWAYS_EMBED_SWIFT_STANDARD_LIBRARIES = YES;
				BUNDLE_LOADER = "$(TEST_HOST)";
				CODE_SIGN_STYLE = Automatic;
				INFOPLIST_FILE = GroupMakerTests/Info.plist;
				LD_RUNPATH_SEARCH_PATHS = (
					"$(inherited)",
					"@executable_path/Frameworks",
					"@loader_path/Frameworks",
				);
				PRODUCT_BUNDLE_IDENTIFIER = UTS.GroupMakerTests;
				PRODUCT_NAME = "$(TARGET_NAME)";
				SWIFT_VERSION = 4.2;
				TARGETED_DEVICE_FAMILY = "1,2";
				TEST_HOST = "$(BUILT_PRODUCTS_DIR)/GroupMaker.app/GroupMaker";
			};
			name = Release;
		};
		963439B6229664D5000CEA6E /* Debug */ = {
			isa = XCBuildConfiguration;
			buildSettings = {
				ALWAYS_EMBED_SWIFT_STANDARD_LIBRARIES = YES;
				CODE_SIGN_STYLE = Automatic;
				INFOPLIST_FILE = GroupMakerUITests/Info.plist;
				LD_RUNPATH_SEARCH_PATHS = (
					"$(inherited)",
					"@executable_path/Frameworks",
					"@loader_path/Frameworks",
				);
				PRODUCT_BUNDLE_IDENTIFIER = UTS.GroupMakerUITests;
				PRODUCT_NAME = "$(TARGET_NAME)";
				SWIFT_VERSION = 4.2;
				TARGETED_DEVICE_FAMILY = "1,2";
				TEST_TARGET_NAME = GroupMaker;
			};
			name = Debug;
		};
		963439B7229664D5000CEA6E /* Release */ = {
			isa = XCBuildConfiguration;
			buildSettings = {
				ALWAYS_EMBED_SWIFT_STANDARD_LIBRARIES = YES;
				CODE_SIGN_STYLE = Automatic;
				INFOPLIST_FILE = GroupMakerUITests/Info.plist;
				LD_RUNPATH_SEARCH_PATHS = (
					"$(inherited)",
					"@executable_path/Frameworks",
					"@loader_path/Frameworks",
				);
				PRODUCT_BUNDLE_IDENTIFIER = UTS.GroupMakerUITests;
				PRODUCT_NAME = "$(TARGET_NAME)";
				SWIFT_VERSION = 4.2;
				TARGETED_DEVICE_FAMILY = "1,2";
				TEST_TARGET_NAME = GroupMaker;
			};
			name = Release;
		};
/* End XCBuildConfiguration section */

/* Begin XCConfigurationList section */
		9634397F229664D4000CEA6E /* Build configuration list for PBXProject "GroupMaker" */ = {
			isa = XCConfigurationList;
			buildConfigurations = (
				963439AD229664D5000CEA6E /* Debug */,
				963439AE229664D5000CEA6E /* Release */,
			);
			defaultConfigurationIsVisible = 0;
			defaultConfigurationName = Release;
		};
		963439AF229664D5000CEA6E /* Build configuration list for PBXNativeTarget "GroupMaker" */ = {
			isa = XCConfigurationList;
			buildConfigurations = (
				963439B0229664D5000CEA6E /* Debug */,
				963439B1229664D5000CEA6E /* Release */,
			);
			defaultConfigurationIsVisible = 0;
			defaultConfigurationName = Release;
		};
		963439B2229664D5000CEA6E /* Build configuration list for PBXNativeTarget "GroupMakerTests" */ = {
			isa = XCConfigurationList;
			buildConfigurations = (
				963439B3229664D5000CEA6E /* Debug */,
				963439B4229664D5000CEA6E /* Release */,
			);
			defaultConfigurationIsVisible = 0;
			defaultConfigurationName = Release;
		};
		963439B5229664D5000CEA6E /* Build configuration list for PBXNativeTarget "GroupMakerUITests" */ = {
			isa = XCConfigurationList;
			buildConfigurations = (
				963439B6229664D5000CEA6E /* Debug */,
				963439B7229664D5000CEA6E /* Release */,
			);
			defaultConfigurationIsVisible = 0;
			defaultConfigurationName = Release;
		};
/* End XCConfigurationList section */

/* Begin XCVersionGroup section */
		9634398E229664D4000CEA6E /* GroupMaker.xcdatamodeld */ = {
			isa = XCVersionGroup;
			children = (
				9634398F229664D4000CEA6E /* GroupMaker.xcdatamodel */,
			);
			currentVersion = 9634398F229664D4000CEA6E /* GroupMaker.xcdatamodel */;
			path = GroupMaker.xcdatamodeld;
			sourceTree = "<group>";
			versionGroupType = wrapper.xcdatamodel;
		};
/* End XCVersionGroup section */
	};
	rootObject = 9634397C229664D4000CEA6E /* Project object */;
}
